
Microsoft Visual Studio Solution File, Format Version 12.00
# Visual Studio Version 17
VisualStudioVersion = 17.6.33712.159
MinimumVisualStudioVersion = 10.0.40219.1
Project("{9A19103F-16F7-4668-BE54-9A1E7A4F7556}") = "WeatherAPI", "WeatherAPI\WeatherAPI.csproj", "{FD632839-542B-4BAE-B6B2-8EABF19CFBAA}"
EndProject
Project("{9A19103F-16F7-4668-BE54-9A1E7A4F7556}") = "WeatherAPITests", "WeatherAPITests\WeatherAPITests.csproj", "{F7FE0ACD-327A-466F-8068-CC4A4959FCEE}"
EndProject
Project("{9A19103F-16F7-4668-BE54-9A1E7A4F7556}") = "Weather.IOC", "Weather.IOC\Weather.IOC.csproj", "{BFA1D8F3-81BE-4950-9570-859C314B894F}"
EndProject
Project("{9A19103F-16F7-4668-BE54-9A1E7A4F7556}") = "Weather.Application", "Weather.Application\Weather.Application.csproj", "{2D87BB55-658F-4262-B58C-F431DB098F4B}"
EndProject
Project("{2150E333-8FDC-42A3-9474-1A3956D46DE8}") = "Services", "Services", "{7434F576-6DF2-47B2-A001-141038DC68AE}"
EndProject
Project("{9A19103F-16F7-4668-BE54-9A1E7A4F7556}") = "Weather.Services.VisualCrossing", "Weather.Services.InMemory\Weather.Services.VisualCrossing.csproj", "{703463C1-3CF1-4C0D-9505-EA4791385904}"
EndProject
Project("{9A19103F-16F7-4668-BE54-9A1E7A4F7556}") = "Weather.Services.Database", "Weather.Services.Postgres\Weather.Services.Database.csproj", "{A037DBBD-6E19-44C5-8509-FB130A4A83FA}"
EndProject
Project("{2150E333-8FDC-42A3-9474-1A3956D46DE8}") = "Batchs", "Batchs", "{9369C316-9CA0-4B38-90CF-AFAB9F02FB47}"
EndProject
Project("{9A19103F-16F7-4668-BE54-9A1E7A4F7556}") = "DatabaseFeeder", "DatabaseFeeder\DatabaseFeeder.csproj", "{AC6C4A64-7145-43E0-B49A-CC966B3BB278}"
EndProject
Project("{2150E333-8FDC-42A3-9474-1A3956D46DE8}") = "DAL", "DAL", "{DAB4BE88-5C5F-45E9-B5CA-BB637FB162A1}"
EndProject
Project("{9A19103F-16F7-4668-BE54-9A1E7A4F7556}") = "Weather.Database", "Weather.Database\Weather.Database.csproj", "{DD5D4C3C-F09B-447F-BF86-3A4698D9AFE2}"
EndProject
Project("{9A19103F-16F7-4668-BE54-9A1E7A4F7556}") = "Weather.Database.Postgres", "Weather.Database.Postgres\Weather.Database.Postgres.csproj", "{A7F216D2-2DB1-4CA3-85E6-3D3DCBDD2ED3}"
EndProject
Project("{9A19103F-16F7-4668-BE54-9A1E7A4F7556}") = "Weather.Application.VisualCrossing", "Weather.Application.VisualCrossing\Weather.Application.VisualCrossing.csproj", "{0CCDAE37-6A3B-494D-8469-9352B4BA3336}"
EndProject
Project("{9A19103F-16F7-4668-BE54-9A1E7A4F7556}") = "VisualCrossingDataGrabber", "VisualCrossingDataGrabber\VisualCrossingDataGrabber.csproj", "{D800761E-6C11-4E7B-A8F9-F04539C30FCC}"
EndProject
Project("{2150E333-8FDC-42A3-9474-1A3956D46DE8}") = "Docker", "Docker", "{56DEB875-2A5C-4B8C-9CD0-5BE2EFBE75A1}"
	ProjectSection(SolutionItems) = preProject
		compose.yaml = compose.yaml
		Dockerfile = Dockerfile
	EndProjectSection
EndProject
Global
	GlobalSection(SolutionConfigurationPlatforms) = preSolution
		Debug|Any CPU = Debug|Any CPU
		Release|Any CPU = Release|Any CPU
	EndGlobalSection
	GlobalSection(ProjectConfigurationPlatforms) = postSolution
		{FD632839-542B-4BAE-B6B2-8EABF19CFBAA}.Debug|Any CPU.ActiveCfg = Debug|Any CPU
		{FD632839-542B-4BAE-B6B2-8EABF19CFBAA}.Debug|Any CPU.Build.0 = Debug|Any CPU
		{FD632839-542B-4BAE-B6B2-8EABF19CFBAA}.Release|Any CPU.ActiveCfg = Release|Any CPU
		{FD632839-542B-4BAE-B6B2-8EABF19CFBAA}.Release|Any CPU.Build.0 = Release|Any CPU
		{F7FE0ACD-327A-466F-8068-CC4A4959FCEE}.Debug|Any CPU.ActiveCfg = Debug|Any CPU
		{F7FE0ACD-327A-466F-8068-CC4A4959FCEE}.Debug|Any CPU.Build.0 = Debug|Any CPU
		{F7FE0ACD-327A-466F-8068-CC4A4959FCEE}.Release|Any CPU.ActiveCfg = Release|Any CPU
		{F7FE0ACD-327A-466F-8068-CC4A4959FCEE}.Release|Any CPU.Build.0 = Release|Any CPU
		{BFA1D8F3-81BE-4950-9570-859C314B894F}.Debug|Any CPU.ActiveCfg = Debug|Any CPU
		{BFA1D8F3-81BE-4950-9570-859C314B894F}.Debug|Any CPU.Build.0 = Debug|Any CPU
		{BFA1D8F3-81BE-4950-9570-859C314B894F}.Release|Any CPU.ActiveCfg = Release|Any CPU
		{BFA1D8F3-81BE-4950-9570-859C314B894F}.Release|Any CPU.Build.0 = Release|Any CPU
		{2D87BB55-658F-4262-B58C-F431DB098F4B}.Debug|Any CPU.ActiveCfg = Debug|Any CPU
		{2D87BB55-658F-4262-B58C-F431DB098F4B}.Debug|Any CPU.Build.0 = Debug|Any CPU
		{2D87BB55-658F-4262-B58C-F431DB098F4B}.Release|Any CPU.ActiveCfg = Release|Any CPU
		{2D87BB55-658F-4262-B58C-F431DB098F4B}.Release|Any CPU.Build.0 = Release|Any CPU
		{703463C1-3CF1-4C0D-9505-EA4791385904}.Debug|Any CPU.ActiveCfg = Debug|Any CPU
		{703463C1-3CF1-4C0D-9505-EA4791385904}.Debug|Any CPU.Build.0 = Debug|Any CPU
		{703463C1-3CF1-4C0D-9505-EA4791385904}.Release|Any CPU.ActiveCfg = Release|Any CPU
		{703463C1-3CF1-4C0D-9505-EA4791385904}.Release|Any CPU.Build.0 = Release|Any CPU
		{A037DBBD-6E19-44C5-8509-FB130A4A83FA}.Debug|Any CPU.ActiveCfg = Debug|Any CPU
		{A037DBBD-6E19-44C5-8509-FB130A4A83FA}.Debug|Any CPU.Build.0 = Debug|Any CPU
		{A037DBBD-6E19-44C5-8509-FB130A4A83FA}.Release|Any CPU.ActiveCfg = Release|Any CPU
		{A037DBBD-6E19-44C5-8509-FB130A4A83FA}.Release|Any CPU.Build.0 = Release|Any CPU
		{AC6C4A64-7145-43E0-B49A-CC966B3BB278}.Debug|Any CPU.ActiveCfg = Debug|Any CPU
		{AC6C4A64-7145-43E0-B49A-CC966B3BB278}.Debug|Any CPU.Build.0 = Debug|Any CPU
		{AC6C4A64-7145-43E0-B49A-CC966B3BB278}.Release|Any CPU.ActiveCfg = Release|Any CPU
		{AC6C4A64-7145-43E0-B49A-CC966B3BB278}.Release|Any CPU.Build.0 = Release|Any CPU
		{DD5D4C3C-F09B-447F-BF86-3A4698D9AFE2}.Debug|Any CPU.ActiveCfg = Debug|Any CPU
		{DD5D4C3C-F09B-447F-BF86-3A4698D9AFE2}.Debug|Any CPU.Build.0 = Debug|Any CPU
		{DD5D4C3C-F09B-447F-BF86-3A4698D9AFE2}.Release|Any CPU.ActiveCfg = Release|Any CPU
		{DD5D4C3C-F09B-447F-BF86-3A4698D9AFE2}.Release|Any CPU.Build.0 = Release|Any CPU
		{A7F216D2-2DB1-4CA3-85E6-3D3DCBDD2ED3}.Debug|Any CPU.ActiveCfg = Debug|Any CPU
		{A7F216D2-2DB1-4CA3-85E6-3D3DCBDD2ED3}.Debug|Any CPU.Build.0 = Debug|Any CPU
		{A7F216D2-2DB1-4CA3-85E6-3D3DCBDD2ED3}.Release|Any CPU.ActiveCfg = Release|Any CPU
		{A7F216D2-2DB1-4CA3-85E6-3D3DCBDD2ED3}.Release|Any CPU.Build.0 = Release|Any CPU
		{0CCDAE37-6A3B-494D-8469-9352B4BA3336}.Debug|Any CPU.ActiveCfg = Debug|Any CPU
		{0CCDAE37-6A3B-494D-8469-9352B4BA3336}.Debug|Any CPU.Build.0 = Debug|Any CPU
		{0CCDAE37-6A3B-494D-8469-9352B4BA3336}.Release|Any CPU.ActiveCfg = Release|Any CPU
		{0CCDAE37-6A3B-494D-8469-9352B4BA3336}.Release|Any CPU.Build.0 = Release|Any CPU
		{D800761E-6C11-4E7B-A8F9-F04539C30FCC}.Debug|Any CPU.ActiveCfg = Debug|Any CPU
		{D800761E-6C11-4E7B-A8F9-F04539C30FCC}.Debug|Any CPU.Build.0 = Debug|Any CPU
		{D800761E-6C11-4E7B-A8F9-F04539C30FCC}.Release|Any CPU.ActiveCfg = Release|Any CPU
		{D800761E-6C11-4E7B-A8F9-F04539C30FCC}.Release|Any CPU.Build.0 = Release|Any CPU
	EndGlobalSection
	GlobalSection(SolutionProperties) = preSolution
		HideSolutionNode = FALSE
	EndGlobalSection
	GlobalSection(NestedProjects) = preSolution
		{703463C1-3CF1-4C0D-9505-EA4791385904} = {7434F576-6DF2-47B2-A001-141038DC68AE}
		{A037DBBD-6E19-44C5-8509-FB130A4A83FA} = {7434F576-6DF2-47B2-A001-141038DC68AE}
		{AC6C4A64-7145-43E0-B49A-CC966B3BB278} = {9369C316-9CA0-4B38-90CF-AFAB9F02FB47}
		{DD5D4C3C-F09B-447F-BF86-3A4698D9AFE2} = {DAB4BE88-5C5F-45E9-B5CA-BB637FB162A1}
		{A7F216D2-2DB1-4CA3-85E6-3D3DCBDD2ED3} = {DAB4BE88-5C5F-45E9-B5CA-BB637FB162A1}
		{D800761E-6C11-4E7B-A8F9-F04539C30FCC} = {9369C316-9CA0-4B38-90CF-AFAB9F02FB47}
	EndGlobalSection
	GlobalSection(ExtensibilityGlobals) = postSolution
		SolutionGuid = {A007AE25-4063-4221-B54E-2B226EE06F63}
	EndGlobalSection
EndGlobal
